
Microsoft Visual Studio Solution File, Format Version 12.00
# Visual Studio 15
VisualStudioVersion = 15.0.26403.7
MinimumVisualStudioVersion = 10.0.40219.1
Project("{FAE04EC0-301F-11D3-BF4B-00C04F79EFBC}") = "RomanNumerals", "RomanNumerals\RomanNumerals.csproj", "{5223883E-D248-479D-AC29-C60BEFC9F6B9}"
EndProject
Project("{FAE04EC0-301F-11D3-BF4B-00C04F79EFBC}") = "RomanNumeralsTest", "RomanNumeralsTest\RomanNumeralsTest.csproj", "{BF36F40E-2BFB-438C-B3DB-2A53F65AFD4E}"
EndProject
Project("{2150E333-8FDC-42A3-9474-1A3956D46DE8}") = "Jorge Solution", "Jorge Solution", "{40E0DAB7-E380-4C58-86F9-A68BDE7D63E6}"
EndProject
Project("{FAE04EC0-301F-11D3-BF4B-00C04F79EFBC}") = "JSRomanNumerals", "JSRomanNumerals\JSRomanNumerals.csproj", "{1EE73C1E-CCFC-4852-A984-A754DC364709}"
EndProject
Project("{FAE04EC0-301F-11D3-BF4B-00C04F79EFBC}") = "JSRomanNumeralsTest", "JSRomanNumeralsTest\JSRomanNumeralsTest.csproj", "{4A9C5E89-18DC-40CC-9320-07B778D9F1E1}"
EndProject
Global
	GlobalSection(SolutionConfigurationPlatforms) = preSolution
		Debug|Any CPU = Debug|Any CPU
		Release|Any CPU = Release|Any CPU
	EndGlobalSection
	GlobalSection(ProjectConfigurationPlatforms) = postSolution
		{5223883E-D248-479D-AC29-C60BEFC9F6B9}.Debug|Any CPU.ActiveCfg = Debug|Any CPU
		{5223883E-D248-479D-AC29-C60BEFC9F6B9}.Debug|Any CPU.Build.0 = Debug|Any CPU
		{5223883E-D248-479D-AC29-C60BEFC9F6B9}.Release|Any CPU.ActiveCfg = Release|Any CPU
		{5223883E-D248-479D-AC29-C60BEFC9F6B9}.Release|Any CPU.Build.0 = Release|Any CPU
		{BF36F40E-2BFB-438C-B3DB-2A53F65AFD4E}.Debug|Any CPU.ActiveCfg = Debug|Any CPU
		{BF36F40E-2BFB-438C-B3DB-2A53F65AFD4E}.Debug|Any CPU.Build.0 = Debug|Any CPU
		{BF36F40E-2BFB-438C-B3DB-2A53F65AFD4E}.Release|Any CPU.ActiveCfg = Release|Any CPU
		{BF36F40E-2BFB-438C-B3DB-2A53F65AFD4E}.Release|Any CPU.Build.0 = Release|Any CPU
		{1EE73C1E-CCFC-4852-A984-A754DC364709}.Debug|Any CPU.ActiveCfg = Debug|Any CPU
		{1EE73C1E-CCFC-4852-A984-A754DC364709}.Debug|Any CPU.Build.0 = Debug|Any CPU
		{1EE73C1E-CCFC-4852-A984-A754DC364709}.Release|Any CPU.ActiveCfg = Release|Any CPU
		{1EE73C1E-CCFC-4852-A984-A754DC364709}.Release|Any CPU.Build.0 = Release|Any CPU
		{4A9C5E89-18DC-40CC-9320-07B778D9F1E1}.Debug|Any CPU.ActiveCfg = Debug|Any CPU
		{4A9C5E89-18DC-40CC-9320-07B778D9F1E1}.Debug|Any CPU.Build.0 = Debug|Any CPU
		{4A9C5E89-18DC-40CC-9320-07B778D9F1E1}.Release|Any CPU.ActiveCfg = Release|Any CPU
		{4A9C5E89-18DC-40CC-9320-07B778D9F1E1}.Release|Any CPU.Build.0 = Release|Any CPU
	EndGlobalSection
	GlobalSection(SolutionProperties) = preSolution
		HideSolutionNode = FALSE
	EndGlobalSection
	GlobalSection(NestedProjects) = preSolution
		{1EE73C1E-CCFC-4852-A984-A754DC364709} = {40E0DAB7-E380-4C58-86F9-A68BDE7D63E6}
		{4A9C5E89-18DC-40CC-9320-07B778D9F1E1} = {40E0DAB7-E380-4C58-86F9-A68BDE7D63E6}
	EndGlobalSection
EndGlobal
